
Microsoft Visual Studio Solution File, Format Version 12.00
# Visual Studio Version 17
VisualStudioVersion = 17.14.36414.22 d17.14
MinimumVisualStudioVersion = 10.0.40219.1
Project("{FAE04EC0-301F-11D3-BF4B-00C04F79EFBC}") = "BX_Stock", "BX_Stock\BX_Stock.csproj", "{22B94F28-5D24-4D74-B614-E6582F3498CF}"
EndProject
Project("{2150E333-8FDC-42A3-9474-1A3956D46DE8}") = "方案項目", "方案項目", "{53031E41-4B72-4658-B333-C5AC0B13F8F0}"
	ProjectSection(SolutionItems) = preProject
		README.md = README.md
	EndProjectSection
EndProject
Global
	GlobalSection(SolutionConfigurationPlatforms) = preSolution
		Debug|Any CPU = Debug|Any CPU
		Release|Any CPU = Release|Any CPU
	EndGlobalSection
	GlobalSection(ProjectConfigurationPlatforms) = postSolution
		{22B94F28-5D24-4D74-B614-E6582F3498CF}.Debug|Any CPU.ActiveCfg = Debug|Any CPU
		{22B94F28-5D24-4D74-B614-E6582F3498CF}.Debug|Any CPU.Build.0 = Debug|Any CPU
		{22B94F28-5D24-4D74-B614-E6582F3498CF}.Release|Any CPU.ActiveCfg = Release|Any CPU
		{22B94F28-5D24-4D74-B614-E6582F3498CF}.Release|Any CPU.Build.0 = Release|Any CPU
	EndGlobalSection
	GlobalSection(SolutionProperties) = preSolution
		HideSolutionNode = FALSE
	EndGlobalSection
	GlobalSection(ExtensibilityGlobals) = postSolution
		SolutionGuid = {CD16B854-E96D-4A13-AAA9-46212C76A92C}
	EndGlobalSection
EndGlobal
